
Microsoft Visual Studio Solution File, Format Version 12.00
# Visual Studio 14
VisualStudioVersion = 14.0.25420.1
MinimumVisualStudioVersion = 10.0.40219.1
Project("{FAE04EC0-301F-11D3-BF4B-00C04F79EFBC}") = "PubSubSample.PubSubServer", "PubSubSample.PubSubServer\PubSubSample.PubSubServer.csproj", "{EA4A252A-90BC-4A84-9B7C-6E50A42CC893}"
EndProject
Project("{FAE04EC0-301F-11D3-BF4B-00C04F79EFBC}") = "PubSubSample.Subscriber", "PubSubSample.Subscriber\PubSubSample.Subscriber.csproj", "{CEA4D0D9-096C-4273-A8F4-9AC314062407}"
EndProject
Project("{FAE04EC0-301F-11D3-BF4B-00C04F79EFBC}") = "PubSubSample.Publisher", "PubSubSample.Publisher\PubSubSample.Publisher.csproj", "{FC46BEE2-B5E8-4388-A7AA-B4AC5C889C88}"
EndProject
Project("{FAE04EC0-301F-11D3-BF4B-00C04F79EFBC}") = "PubSubSample.Foundation", "PubSubSample.Foundation\PubSubSample.Foundation.csproj", "{61524005-2A1E-4AD8-831B-E6FC7A3978F8}"
EndProject
Project("{2150E333-8FDC-42A3-9474-1A3956D46DE8}") = "Tests", "Tests", "{AD04FF4C-D032-438A-9BAB-6BAA2C671755}"
EndProject
Project("{FAE04EC0-301F-11D3-BF4B-00C04F79EFBC}") = "PubSubSample.Tests", "PubSubSample.Tests\PubSubSample.Tests.csproj", "{4083E38D-14AE-4682-8B8C-6BEC073C0E1D}"
EndProject
Project("{2150E333-8FDC-42A3-9474-1A3956D46DE8}") = "Solution Items", "Solution Items", "{0BBE8719-D496-4500-AE80-4DC457753E41}"
	ProjectSection(SolutionItems) = preProject
		Local.testsettings = Local.testsettings
		PubSubSample.vsmdi = PubSubSample.vsmdi
		TraceAndTestImpact.testsettings = TraceAndTestImpact.testsettings
	EndProjectSection
EndProject
Project("{FAE04EC0-301F-11D3-BF4B-00C04F79EFBC}") = "PubSubSample.Common", "PubSubSample.Common\PubSubSample.Common.csproj", "{00B4D207-1D93-44C4-A4BC-E4D1D42260BE}"
EndProject
Global
	GlobalSection(SolutionConfigurationPlatforms) = preSolution
		Debug|Any CPU = Debug|Any CPU
		Jay's Debug|Any CPU = Jay's Debug|Any CPU
		Release|Any CPU = Release|Any CPU
	EndGlobalSection
	GlobalSection(ProjectConfigurationPlatforms) = postSolution
		{EA4A252A-90BC-4A84-9B7C-6E50A42CC893}.Debug|Any CPU.ActiveCfg = Debug|Any CPU
		{EA4A252A-90BC-4A84-9B7C-6E50A42CC893}.Debug|Any CPU.Build.0 = Debug|Any CPU
		{EA4A252A-90BC-4A84-9B7C-6E50A42CC893}.Jay's Debug|Any CPU.ActiveCfg = Debug|Any CPU
		{EA4A252A-90BC-4A84-9B7C-6E50A42CC893}.Jay's Debug|Any CPU.Build.0 = Debug|Any CPU
		{EA4A252A-90BC-4A84-9B7C-6E50A42CC893}.Release|Any CPU.ActiveCfg = Release|Any CPU
		{EA4A252A-90BC-4A84-9B7C-6E50A42CC893}.Release|Any CPU.Build.0 = Release|Any CPU
		{CEA4D0D9-096C-4273-A8F4-9AC314062407}.Debug|Any CPU.ActiveCfg = Debug|Any CPU
		{CEA4D0D9-096C-4273-A8F4-9AC314062407}.Debug|Any CPU.Build.0 = Debug|Any CPU
		{CEA4D0D9-096C-4273-A8F4-9AC314062407}.Jay's Debug|Any CPU.ActiveCfg = Debug|Any CPU
		{CEA4D0D9-096C-4273-A8F4-9AC314062407}.Jay's Debug|Any CPU.Build.0 = Debug|Any CPU
		{CEA4D0D9-096C-4273-A8F4-9AC314062407}.Release|Any CPU.ActiveCfg = Release|Any CPU
		{CEA4D0D9-096C-4273-A8F4-9AC314062407}.Release|Any CPU.Build.0 = Release|Any CPU
		{FC46BEE2-B5E8-4388-A7AA-B4AC5C889C88}.Debug|Any CPU.ActiveCfg = Debug|Any CPU
		{FC46BEE2-B5E8-4388-A7AA-B4AC5C889C88}.Debug|Any CPU.Build.0 = Debug|Any CPU
		{FC46BEE2-B5E8-4388-A7AA-B4AC5C889C88}.Jay's Debug|Any CPU.ActiveCfg = Debug|Any CPU
		{FC46BEE2-B5E8-4388-A7AA-B4AC5C889C88}.Jay's Debug|Any CPU.Build.0 = Debug|Any CPU
		{FC46BEE2-B5E8-4388-A7AA-B4AC5C889C88}.Release|Any CPU.ActiveCfg = Release|Any CPU
		{FC46BEE2-B5E8-4388-A7AA-B4AC5C889C88}.Release|Any CPU.Build.0 = Release|Any CPU
		{61524005-2A1E-4AD8-831B-E6FC7A3978F8}.Debug|Any CPU.ActiveCfg = Debug|Any CPU
		{61524005-2A1E-4AD8-831B-E6FC7A3978F8}.Debug|Any CPU.Build.0 = Debug|Any CPU
		{61524005-2A1E-4AD8-831B-E6FC7A3978F8}.Jay's Debug|Any CPU.ActiveCfg = Debug|Any CPU
		{61524005-2A1E-4AD8-831B-E6FC7A3978F8}.Jay's Debug|Any CPU.Build.0 = Debug|Any CPU
		{61524005-2A1E-4AD8-831B-E6FC7A3978F8}.Release|Any CPU.ActiveCfg = Release|Any CPU
		{61524005-2A1E-4AD8-831B-E6FC7A3978F8}.Release|Any CPU.Build.0 = Release|Any CPU
		{4083E38D-14AE-4682-8B8C-6BEC073C0E1D}.Debug|Any CPU.ActiveCfg = Debug|Any CPU
		{4083E38D-14AE-4682-8B8C-6BEC073C0E1D}.Debug|Any CPU.Build.0 = Debug|Any CPU
		{4083E38D-14AE-4682-8B8C-6BEC073C0E1D}.Jay's Debug|Any CPU.ActiveCfg = Debug|Any CPU
		{4083E38D-14AE-4682-8B8C-6BEC073C0E1D}.Jay's Debug|Any CPU.Build.0 = Debug|Any CPU
		{4083E38D-14AE-4682-8B8C-6BEC073C0E1D}.Release|Any CPU.ActiveCfg = Release|Any CPU
		{4083E38D-14AE-4682-8B8C-6BEC073C0E1D}.Release|Any CPU.Build.0 = Release|Any CPU
		{00B4D207-1D93-44C4-A4BC-E4D1D42260BE}.Debug|Any CPU.ActiveCfg = Debug|Any CPU
		{00B4D207-1D93-44C4-A4BC-E4D1D42260BE}.Debug|Any CPU.Build.0 = Debug|Any CPU
		{00B4D207-1D93-44C4-A4BC-E4D1D42260BE}.Jay's Debug|Any CPU.ActiveCfg = Debug|Any CPU
		{00B4D207-1D93-44C4-A4BC-E4D1D42260BE}.Jay's Debug|Any CPU.Build.0 = Debug|Any CPU
		{00B4D207-1D93-44C4-A4BC-E4D1D42260BE}.Release|Any CPU.ActiveCfg = Release|Any CPU
		{00B4D207-1D93-44C4-A4BC-E4D1D42260BE}.Release|Any CPU.Build.0 = Release|Any CPU
	EndGlobalSection
	GlobalSection(SolutionProperties) = preSolution
		HideSolutionNode = FALSE
	EndGlobalSection
	GlobalSection(NestedProjects) = preSolution
		{4083E38D-14AE-4682-8B8C-6BEC073C0E1D} = {AD04FF4C-D032-438A-9BAB-6BAA2C671755}
		{0BBE8719-D496-4500-AE80-4DC457753E41} = {AD04FF4C-D032-438A-9BAB-6BAA2C671755}
	EndGlobalSection
	GlobalSection(TestCaseManagementSettings) = postSolution
		CategoryFile = PubSubSample.vsmdi
	EndGlobalSection
EndGlobal
